// !$*UTF8*$!
{
	archiveVersion = 1;
	classes = {
	};
	objectVersion = 50;
	objects = {

/* Begin PBXBuildFile section */
		4AB49C8827A809A900909772 /* AppDelegate.swift in Sources */ = {isa = PBXBuildFile; fileRef = 4AB49C8727A809A900909772 /* AppDelegate.swift */; };
		4AB49C8A27A809A900909772 /* SceneDelegate.swift in Sources */ = {isa = PBXBuildFile; fileRef = 4AB49C8927A809A900909772 /* SceneDelegate.swift */; };
		4AB49C8F27A809A900909772 /* Main.storyboard in Resources */ = {isa = PBXBuildFile; fileRef = 4AB49C8D27A809A900909772 /* Main.storyboard */; };
		4AB49C9127A809AC00909772 /* Assets.xcassets in Resources */ = {isa = PBXBuildFile; fileRef = 4AB49C9027A809AC00909772 /* Assets.xcassets */; };
		4AB49C9427A809AC00909772 /* LaunchScreen.storyboard in Resources */ = {isa = PBXBuildFile; fileRef = 4AB49C9227A809AC00909772 /* LaunchScreen.storyboard */; };
		4AB49CA827A80D9500909772 /* UICollectionView.swift in Sources */ = {isa = PBXBuildFile; fileRef = 4AB49CA027A80D9500909772 /* UICollectionView.swift */; };
		4AB49CA927A80D9500909772 /* UIColor.swift in Sources */ = {isa = PBXBuildFile; fileRef = 4AB49CA127A80D9500909772 /* UIColor.swift */; };
		4AB49CAA27A80D9500909772 /* UILabel.swift in Sources */ = {isa = PBXBuildFile; fileRef = 4AB49CA227A80D9500909772 /* UILabel.swift */; };
		4AB49CAB27A80D9500909772 /* UINavigationController.swift in Sources */ = {isa = PBXBuildFile; fileRef = 4AB49CA327A80D9500909772 /* UINavigationController.swift */; };
		4AB49CAC27A80D9500909772 /* UIView.swift in Sources */ = {isa = PBXBuildFile; fileRef = 4AB49CA427A80D9500909772 /* UIView.swift */; };
		4AB49CAD27A80D9500909772 /* UIViewController.swift in Sources */ = {isa = PBXBuildFile; fileRef = 4AB49CA527A80D9500909772 /* UIViewController.swift */; };
		4AB49CAE27A80D9500909772 /* UITableView.swift in Sources */ = {isa = PBXBuildFile; fileRef = 4AB49CA627A80D9500909772 /* UITableView.swift */; };
		4AB49CAF27A80D9500909772 /* UIImage.swift in Sources */ = {isa = PBXBuildFile; fileRef = 4AB49CA727A80D9500909772 /* UIImage.swift */; };
		4AB49CBD27A80FFC00909772 /* State.swift in Sources */ = {isa = PBXBuildFile; fileRef = 4AB49CBC27A80FFC00909772 /* State.swift */; };
		4AB49CBF27A8102600909772 /* Language.swift in Sources */ = {isa = PBXBuildFile; fileRef = 4AB49CBE27A8102600909772 /* Language.swift */; };
		4AB49CC527A810A200909772 /* Util.swift in Sources */ = {isa = PBXBuildFile; fileRef = 4AB49CC327A810A200909772 /* Util.swift */; };
		4AB49CC627A810A200909772 /* Constants.swift in Sources */ = {isa = PBXBuildFile; fileRef = 4AB49CC427A810A200909772 /* Constants.swift */; };
		4AB49CCA27A810CA00909772 /* Cells.swift in Sources */ = {isa = PBXBuildFile; fileRef = 4AB49CC727A810C900909772 /* Cells.swift */; };
		4AB49CCB27A810CA00909772 /* Main.swift in Sources */ = {isa = PBXBuildFile; fileRef = 4AB49CC827A810CA00909772 /* Main.swift */; };
		4AB49CCC27A810CA00909772 /* Storyboards.swift in Sources */ = {isa = PBXBuildFile; fileRef = 4AB49CC927A810CA00909772 /* Storyboards.swift */; };
		4AB49CCF27A8110A00909772 /* BaseViewController.swift in Sources */ = {isa = PBXBuildFile; fileRef = 4AB49CCE27A8110A00909772 /* BaseViewController.swift */; };
		4AB49CD527A811B500909772 /* MainViewController.swift in Sources */ = {isa = PBXBuildFile; fileRef = 4AB49CD427A811B500909772 /* MainViewController.swift */; };
		4AB49CD727A8120100909772 /* SettingsViewController.swift in Sources */ = {isa = PBXBuildFile; fileRef = 4AB49CD627A8120100909772 /* SettingsViewController.swift */; };
		4AB49CDA27A81B2F00909772 /* Localizable.strings in Resources */ = {isa = PBXBuildFile; fileRef = 4AB49CDC27A81B2F00909772 /* Localizable.strings */; };
		4AB49CE027A8318400909772 /* Popups.swift in Sources */ = {isa = PBXBuildFile; fileRef = 4AB49CDF27A8318400909772 /* Popups.swift */; };
		4AB49CE227A8321200909772 /* AddCustomAnswerPopup.swift in Sources */ = {isa = PBXBuildFile; fileRef = 4AB49CE127A8321200909772 /* AddCustomAnswerPopup.swift */; };
		4AB49CE427A832EC00909772 /* UIButton.swift in Sources */ = {isa = PBXBuildFile; fileRef = 4AB49CE327A832EC00909772 /* UIButton.swift */; };
		4AB49CE727A8393700909772 /* CustomAnswerTableViewCell.swift in Sources */ = {isa = PBXBuildFile; fileRef = 4AB49CE527A8393700909772 /* CustomAnswerTableViewCell.swift */; };
		4AB49CE827A8393700909772 /* CustomAnswerTableViewCell.xib in Resources */ = {isa = PBXBuildFile; fileRef = 4AB49CE627A8393700909772 /* CustomAnswerTableViewCell.xib */; };
		4AB49CEB27A83D6600909772 /* Magic.swift in Sources */ = {isa = PBXBuildFile; fileRef = 4AB49CEA27A83D6600909772 /* Magic.swift */; };
		4AB49CED27A83D7F00909772 /* MagicNetwork.swift in Sources */ = {isa = PBXBuildFile; fileRef = 4AB49CEC27A83D7F00909772 /* MagicNetwork.swift */; };
/* End PBXBuildFile section */

/* Begin PBXFileReference section */
		4AB49C8427A809A900909772 /* Magic Ball.app */ = {isa = PBXFileReference; explicitFileType = wrapper.application; includeInIndex = 0; path = "Magic Ball.app"; sourceTree = BUILT_PRODUCTS_DIR; };
		4AB49C8727A809A900909772 /* AppDelegate.swift */ = {isa = PBXFileReference; lastKnownFileType = sourcecode.swift; path = AppDelegate.swift; sourceTree = "<group>"; };
		4AB49C8927A809A900909772 /* SceneDelegate.swift */ = {isa = PBXFileReference; lastKnownFileType = sourcecode.swift; path = SceneDelegate.swift; sourceTree = "<group>"; };
		4AB49C8E27A809A900909772 /* Base */ = {isa = PBXFileReference; lastKnownFileType = file.storyboard; name = Base; path = Base.lproj/Main.storyboard; sourceTree = "<group>"; };
		4AB49C9027A809AC00909772 /* Assets.xcassets */ = {isa = PBXFileReference; lastKnownFileType = folder.assetcatalog; path = Assets.xcassets; sourceTree = "<group>"; };
		4AB49C9327A809AC00909772 /* Base */ = {isa = PBXFileReference; lastKnownFileType = file.storyboard; name = Base; path = Base.lproj/LaunchScreen.storyboard; sourceTree = "<group>"; };
		4AB49C9527A809AC00909772 /* Info.plist */ = {isa = PBXFileReference; lastKnownFileType = text.plist.xml; path = Info.plist; sourceTree = "<group>"; };
		4AB49CA027A80D9500909772 /* UICollectionView.swift */ = {isa = PBXFileReference; fileEncoding = 4; lastKnownFileType = sourcecode.swift; path = UICollectionView.swift; sourceTree = "<group>"; };
		4AB49CA127A80D9500909772 /* UIColor.swift */ = {isa = PBXFileReference; fileEncoding = 4; lastKnownFileType = sourcecode.swift; path = UIColor.swift; sourceTree = "<group>"; };
		4AB49CA227A80D9500909772 /* UILabel.swift */ = {isa = PBXFileReference; fileEncoding = 4; lastKnownFileType = sourcecode.swift; path = UILabel.swift; sourceTree = "<group>"; };
		4AB49CA327A80D9500909772 /* UINavigationController.swift */ = {isa = PBXFileReference; fileEncoding = 4; lastKnownFileType = sourcecode.swift; path = UINavigationController.swift; sourceTree = "<group>"; };
		4AB49CA427A80D9500909772 /* UIView.swift */ = {isa = PBXFileReference; fileEncoding = 4; lastKnownFileType = sourcecode.swift; path = UIView.swift; sourceTree = "<group>"; };
		4AB49CA527A80D9500909772 /* UIViewController.swift */ = {isa = PBXFileReference; fileEncoding = 4; lastKnownFileType = sourcecode.swift; path = UIViewController.swift; sourceTree = "<group>"; };
		4AB49CA627A80D9500909772 /* UITableView.swift */ = {isa = PBXFileReference; fileEncoding = 4; lastKnownFileType = sourcecode.swift; path = UITableView.swift; sourceTree = "<group>"; };
		4AB49CA727A80D9500909772 /* UIImage.swift */ = {isa = PBXFileReference; fileEncoding = 4; lastKnownFileType = sourcecode.swift; path = UIImage.swift; sourceTree = "<group>"; };
		4AB49CB227A80E2800909772 /* uk */ = {isa = PBXFileReference; lastKnownFileType = text.plist.strings; name = uk; path = uk.lproj/Main.strings; sourceTree = "<group>"; };
		4AB49CB327A80E2800909772 /* uk */ = {isa = PBXFileReference; lastKnownFileType = text.plist.strings; name = uk; path = uk.lproj/LaunchScreen.strings; sourceTree = "<group>"; };
		4AB49CBC27A80FFC00909772 /* State.swift */ = {isa = PBXFileReference; lastKnownFileType = sourcecode.swift; path = State.swift; sourceTree = "<group>"; };
		4AB49CBE27A8102600909772 /* Language.swift */ = {isa = PBXFileReference; lastKnownFileType = sourcecode.swift; path = Language.swift; sourceTree = "<group>"; };
		4AB49CC327A810A200909772 /* Util.swift */ = {isa = PBXFileReference; fileEncoding = 4; lastKnownFileType = sourcecode.swift; path = Util.swift; sourceTree = "<group>"; };
		4AB49CC427A810A200909772 /* Constants.swift */ = {isa = PBXFileReference; fileEncoding = 4; lastKnownFileType = sourcecode.swift; path = Constants.swift; sourceTree = "<group>"; };
		4AB49CC727A810C900909772 /* Cells.swift */ = {isa = PBXFileReference; fileEncoding = 4; lastKnownFileType = sourcecode.swift; path = Cells.swift; sourceTree = "<group>"; };
		4AB49CC827A810CA00909772 /* Main.swift */ = {isa = PBXFileReference; fileEncoding = 4; lastKnownFileType = sourcecode.swift; path = Main.swift; sourceTree = "<group>"; };
		4AB49CC927A810CA00909772 /* Storyboards.swift */ = {isa = PBXFileReference; fileEncoding = 4; lastKnownFileType = sourcecode.swift; path = Storyboards.swift; sourceTree = "<group>"; };
		4AB49CCE27A8110A00909772 /* BaseViewController.swift */ = {isa = PBXFileReference; fileEncoding = 4; lastKnownFileType = sourcecode.swift; path = BaseViewController.swift; sourceTree = "<group>"; };
		4AB49CD427A811B500909772 /* MainViewController.swift */ = {isa = PBXFileReference; lastKnownFileType = sourcecode.swift; path = MainViewController.swift; sourceTree = "<group>"; };
		4AB49CD627A8120100909772 /* SettingsViewController.swift */ = {isa = PBXFileReference; lastKnownFileType = sourcecode.swift; path = SettingsViewController.swift; sourceTree = "<group>"; };
		4AB49CDB27A81B2F00909772 /* en */ = {isa = PBXFileReference; lastKnownFileType = text.plist.strings; name = en; path = en.lproj/Localizable.strings; sourceTree = "<group>"; };
		4AB49CDD27A81B3400909772 /* uk */ = {isa = PBXFileReference; lastKnownFileType = text.plist.strings; name = uk; path = uk.lproj/Localizable.strings; sourceTree = "<group>"; };
		4AB49CDF27A8318400909772 /* Popups.swift */ = {isa = PBXFileReference; lastKnownFileType = sourcecode.swift; path = Popups.swift; sourceTree = "<group>"; };
		4AB49CE127A8321200909772 /* AddCustomAnswerPopup.swift */ = {isa = PBXFileReference; lastKnownFileType = sourcecode.swift; path = AddCustomAnswerPopup.swift; sourceTree = "<group>"; };
		4AB49CE327A832EC00909772 /* UIButton.swift */ = {isa = PBXFileReference; lastKnownFileType = sourcecode.swift; path = UIButton.swift; sourceTree = "<group>"; };
		4AB49CE527A8393700909772 /* CustomAnswerTableViewCell.swift */ = {isa = PBXFileReference; lastKnownFileType = sourcecode.swift; path = CustomAnswerTableViewCell.swift; sourceTree = "<group>"; };
		4AB49CE627A8393700909772 /* CustomAnswerTableViewCell.xib */ = {isa = PBXFileReference; lastKnownFileType = file.xib; path = CustomAnswerTableViewCell.xib; sourceTree = "<group>"; };
		4AB49CEA27A83D6600909772 /* Magic.swift */ = {isa = PBXFileReference; lastKnownFileType = sourcecode.swift; path = Magic.swift; sourceTree = "<group>"; };
		4AB49CEC27A83D7F00909772 /* MagicNetwork.swift */ = {isa = PBXFileReference; lastKnownFileType = sourcecode.swift; path = MagicNetwork.swift; sourceTree = "<group>"; };
/* End PBXFileReference section */

/* Begin PBXFrameworksBuildPhase section */
		4AB49C8127A809A900909772 /* Frameworks */ = {
			isa = PBXFrameworksBuildPhase;
			buildActionMask = 2147483647;
			files = (
			);
			runOnlyForDeploymentPostprocessing = 0;
		};
/* End PBXFrameworksBuildPhase section */

/* Begin PBXGroup section */
		4AB49C7B27A809A900909772 = {
			isa = PBXGroup;
			children = (
				4AB49C8627A809A900909772 /* Magic Ball */,
				4AB49C8527A809A900909772 /* Products */,
			);
			sourceTree = "<group>";
		};
		4AB49C8527A809A900909772 /* Products */ = {
			isa = PBXGroup;
			children = (
				4AB49C8427A809A900909772 /* Magic Ball.app */,
			);
			name = Products;
			sourceTree = "<group>";
		};
		4AB49C8627A809A900909772 /* Magic Ball */ = {
			isa = PBXGroup;
			children = (
				4AB49C9027A809AC00909772 /* Assets.xcassets */,
				4AB49C9C27A80AF200909772 /* Application */,
				4AB49C9F27A80BEF00909772 /* Extensions */,
				4AB49CB427A80E8100909772 /* Localization */,
				4AB49CBB27A80FE500909772 /* Model */,
				4AB49CCD27A810E300909772 /* Screens */,
				4AB49CC127A8105B00909772 /* Utils */,
			);
			path = "Magic Ball";
			sourceTree = "<group>";
		};
		4AB49C9C27A80AF200909772 /* Application */ = {
			isa = PBXGroup;
			children = (
				4AB49C8727A809A900909772 /* AppDelegate.swift */,
				4AB49C8927A809A900909772 /* SceneDelegate.swift */,
				4AB49C9527A809AC00909772 /* Info.plist */,
			);
			name = Application;
			sourceTree = "<group>";
		};
		4AB49C9F27A80BEF00909772 /* Extensions */ = {
			isa = PBXGroup;
			children = (
				4AB49CA027A80D9500909772 /* UICollectionView.swift */,
				4AB49CA127A80D9500909772 /* UIColor.swift */,
				4AB49CA727A80D9500909772 /* UIImage.swift */,
				4AB49CA227A80D9500909772 /* UILabel.swift */,
				4AB49CA327A80D9500909772 /* UINavigationController.swift */,
				4AB49CA627A80D9500909772 /* UITableView.swift */,
				4AB49CA427A80D9500909772 /* UIView.swift */,
				4AB49CA527A80D9500909772 /* UIViewController.swift */,
				4AB49CE327A832EC00909772 /* UIButton.swift */,
			);
			path = Extensions;
			sourceTree = "<group>";
		};
		4AB49CB427A80E8100909772 /* Localization */ = {
			isa = PBXGroup;
			children = (
				4AB49CDC27A81B2F00909772 /* Localizable.strings */,
			);
			path = Localization;
			sourceTree = "<group>";
		};
		4AB49CBB27A80FE500909772 /* Model */ = {
			isa = PBXGroup;
			children = (
				4AB49CC027A8103700909772 /* Magic */,
				4AB49CBC27A80FFC00909772 /* State.swift */,
				4AB49CBE27A8102600909772 /* Language.swift */,
			);
			path = Model;
			sourceTree = "<group>";
		};
		4AB49CC027A8103700909772 /* Magic */ = {
			isa = PBXGroup;
			children = (
				4AB49CEA27A83D6600909772 /* Magic.swift */,
				4AB49CEC27A83D7F00909772 /* MagicNetwork.swift */,
			);
			path = Magic;
			sourceTree = "<group>";
		};
		4AB49CC127A8105B00909772 /* Utils */ = {
			isa = PBXGroup;
			children = (
				4AB49CC227A8106F00909772 /* Screens */,
				4AB49CC427A810A200909772 /* Constants.swift */,
				4AB49CC327A810A200909772 /* Util.swift */,
			);
			path = Utils;
			sourceTree = "<group>";
		};
		4AB49CC227A8106F00909772 /* Screens */ = {
			isa = PBXGroup;
			children = (
				4AB49CC827A810CA00909772 /* Main.swift */,
				4AB49CC727A810C900909772 /* Cells.swift */,
				4AB49CC927A810CA00909772 /* Storyboards.swift */,
				4AB49CDF27A8318400909772 /* Popups.swift */,
			);
			path = Screens;
			sourceTree = "<group>";
		};
		4AB49CCD27A810E300909772 /* Screens */ = {
			isa = PBXGroup;
			children = (
				4AB49CCE27A8110A00909772 /* BaseViewController.swift */,
				4AB49CD027A8111000909772 /* Main */,
				4AB49CD127A8111800909772 /* LaunchScreen */,
			);
			path = Screens;
			sourceTree = "<group>";
		};
		4AB49CD027A8111000909772 /* Main */ = {
			isa = PBXGroup;
			children = (
				4AB49CDE27A8312A00909772 /* Popups */,
				4AB49CD227A8113800909772 /* Cells */,
				4AB49CD327A8113E00909772 /* Controllers */,
				4AB49C8D27A809A900909772 /* Main.storyboard */,
			);
			path = Main;
			sourceTree = "<group>";
		};
		4AB49CD127A8111800909772 /* LaunchScreen */ = {
			isa = PBXGroup;
			children = (
				4AB49C9227A809AC00909772 /* LaunchScreen.storyboard */,
			);
			path = LaunchScreen;
			sourceTree = "<group>";
		};
		4AB49CD227A8113800909772 /* Cells */ = {
			isa = PBXGroup;
			children = (
				4AB49CE927A8393C00909772 /* Custom Answer */,
			);
			path = Cells;
			sourceTree = "<group>";
		};
		4AB49CD327A8113E00909772 /* Controllers */ = {
			isa = PBXGroup;
			children = (
				4AB49CD427A811B500909772 /* MainViewController.swift */,
				4AB49CD627A8120100909772 /* SettingsViewController.swift */,
			);
			path = Controllers;
			sourceTree = "<group>";
		};
		4AB49CDE27A8312A00909772 /* Popups */ = {
			isa = PBXGroup;
			children = (
				4AB49CE127A8321200909772 /* AddCustomAnswerPopup.swift */,
			);
			path = Popups;
			sourceTree = "<group>";
		};
		4AB49CE927A8393C00909772 /* Custom Answer */ = {
			isa = PBXGroup;
			children = (
				4AB49CE527A8393700909772 /* CustomAnswerTableViewCell.swift */,
				4AB49CE627A8393700909772 /* CustomAnswerTableViewCell.xib */,
			);
			path = "Custom Answer";
			sourceTree = "<group>";
		};
/* End PBXGroup section */

/* Begin PBXNativeTarget section */
		4AB49C8327A809A900909772 /* Magic Ball */ = {
			isa = PBXNativeTarget;
			buildConfigurationList = 4AB49C9827A809AC00909772 /* Build configuration list for PBXNativeTarget "Magic Ball" */;
			buildPhases = (
				4AB49C8027A809A900909772 /* Sources */,
				4AB49C8127A809A900909772 /* Frameworks */,
				4AB49C8227A809A900909772 /* Resources */,
			);
			buildRules = (
			);
			dependencies = (
			);
			name = "Magic Ball";
			productName = "Magic Ball";
			productReference = 4AB49C8427A809A900909772 /* Magic Ball.app */;
			productType = "com.apple.product-type.application";
		};
/* End PBXNativeTarget section */

/* Begin PBXProject section */
		4AB49C7C27A809A900909772 /* Project object */ = {
			isa = PBXProject;
			attributes = {
				LastSwiftUpdateCheck = 1250;
				LastUpgradeCheck = 1250;
				TargetAttributes = {
					4AB49C8327A809A900909772 = {
						CreatedOnToolsVersion = 12.5.1;
					};
				};
			};
			buildConfigurationList = 4AB49C7F27A809A900909772 /* Build configuration list for PBXProject "Magic Ball" */;
			compatibilityVersion = "Xcode 9.3";
			developmentRegion = en;
			hasScannedForEncodings = 0;
			knownRegions = (
				en,
				Base,
				uk,
			);
			mainGroup = 4AB49C7B27A809A900909772;
			productRefGroup = 4AB49C8527A809A900909772 /* Products */;
			projectDirPath = "";
			projectRoot = "";
			targets = (
				4AB49C8327A809A900909772 /* Magic Ball */,
			);
		};
/* End PBXProject section */

/* Begin PBXResourcesBuildPhase section */
		4AB49C8227A809A900909772 /* Resources */ = {
			isa = PBXResourcesBuildPhase;
			buildActionMask = 2147483647;
			files = (
				4AB49C9427A809AC00909772 /* LaunchScreen.storyboard in Resources */,
				4AB49CE827A8393700909772 /* CustomAnswerTableViewCell.xib in Resources */,
				4AB49CDA27A81B2F00909772 /* Localizable.strings in Resources */,
				4AB49C9127A809AC00909772 /* Assets.xcassets in Resources */,
				4AB49C8F27A809A900909772 /* Main.storyboard in Resources */,
			);
			runOnlyForDeploymentPostprocessing = 0;
		};
/* End PBXResourcesBuildPhase section */

/* Begin PBXSourcesBuildPhase section */
		4AB49C8027A809A900909772 /* Sources */ = {
			isa = PBXSourcesBuildPhase;
			buildActionMask = 2147483647;
			files = (
				4AB49CE727A8393700909772 /* CustomAnswerTableViewCell.swift in Sources */,
				4AB49CAA27A80D9500909772 /* UILabel.swift in Sources */,
				4AB49CAF27A80D9500909772 /* UIImage.swift in Sources */,
				4AB49CA827A80D9500909772 /* UICollectionView.swift in Sources */,
				4AB49CD727A8120100909772 /* SettingsViewController.swift in Sources */,
				4AB49CBD27A80FFC00909772 /* State.swift in Sources */,
				4AB49CCA27A810CA00909772 /* Cells.swift in Sources */,
				4AB49CD527A811B500909772 /* MainViewController.swift in Sources */,
				4AB49CCF27A8110A00909772 /* BaseViewController.swift in Sources */,
				4AB49CA927A80D9500909772 /* UIColor.swift in Sources */,
				4AB49CAC27A80D9500909772 /* UIView.swift in Sources */,
				4AB49CCC27A810CA00909772 /* Storyboards.swift in Sources */,
				4AB49CE227A8321200909772 /* AddCustomAnswerPopup.swift in Sources */,
				4AB49CEB27A83D6600909772 /* Magic.swift in Sources */,
				4AB49CE027A8318400909772 /* Popups.swift in Sources */,
				4AB49CAB27A80D9500909772 /* UINavigationController.swift in Sources */,
				4AB49CED27A83D7F00909772 /* MagicNetwork.swift in Sources */,
				4AB49CC527A810A200909772 /* Util.swift in Sources */,
				4AB49CE427A832EC00909772 /* UIButton.swift in Sources */,
				4AB49CAE27A80D9500909772 /* UITableView.swift in Sources */,
				4AB49CCB27A810CA00909772 /* Main.swift in Sources */,
				4AB49C8827A809A900909772 /* AppDelegate.swift in Sources */,
				4AB49CBF27A8102600909772 /* Language.swift in Sources */,
				4AB49CC627A810A200909772 /* Constants.swift in Sources */,
				4AB49CAD27A80D9500909772 /* UIViewController.swift in Sources */,
				4AB49C8A27A809A900909772 /* SceneDelegate.swift in Sources */,
			);
			runOnlyForDeploymentPostprocessing = 0;
		};
/* End PBXSourcesBuildPhase section */

/* Begin PBXVariantGroup section */
		4AB49C8D27A809A900909772 /* Main.storyboard */ = {
			isa = PBXVariantGroup;
			children = (
				4AB49C8E27A809A900909772 /* Base */,
				4AB49CB227A80E2800909772 /* uk */,
			);
			name = Main.storyboard;
			sourceTree = "<group>";
		};
		4AB49C9227A809AC00909772 /* LaunchScreen.storyboard */ = {
			isa = PBXVariantGroup;
			children = (
				4AB49C9327A809AC00909772 /* Base */,
				4AB49CB327A80E2800909772 /* uk */,
			);
			name = LaunchScreen.storyboard;
			sourceTree = "<group>";
		};
		4AB49CDC27A81B2F00909772 /* Localizable.strings */ = {
			isa = PBXVariantGroup;
			children = (
				4AB49CDB27A81B2F00909772 /* en */,
				4AB49CDD27A81B3400909772 /* uk */,
			);
			name = Localizable.strings;
			sourceTree = "<group>";
		};
/* End PBXVariantGroup section */

/* Begin XCBuildConfiguration section */
		4AB49C9627A809AC00909772 /* Debug */ = {
			isa = XCBuildConfiguration;
			buildSettings = {
				ALWAYS_SEARCH_USER_PATHS = NO;
				CLANG_ANALYZER_LOCALIZABILITY_NONLOCALIZED = YES;
				CLANG_ANALYZER_NONNULL = YES;
				CLANG_ANALYZER_NUMBER_OBJECT_CONVERSION = YES_AGGRESSIVE;
				CLANG_CXX_LANGUAGE_STANDARD = "gnu++14";
				CLANG_CXX_LIBRARY = "libc++";
				CLANG_ENABLE_MODULES = YES;
				CLANG_ENABLE_OBJC_ARC = YES;
				CLANG_ENABLE_OBJC_WEAK = YES;
				CLANG_WARN_BLOCK_CAPTURE_AUTORELEASING = YES;
				CLANG_WARN_BOOL_CONVERSION = YES;
				CLANG_WARN_COMMA = YES;
				CLANG_WARN_CONSTANT_CONVERSION = YES;
				CLANG_WARN_DEPRECATED_OBJC_IMPLEMENTATIONS = YES;
				CLANG_WARN_DIRECT_OBJC_ISA_USAGE = YES_ERROR;
				CLANG_WARN_DOCUMENTATION_COMMENTS = YES;
				CLANG_WARN_EMPTY_BODY = YES;
				CLANG_WARN_ENUM_CONVERSION = YES;
				CLANG_WARN_INFINITE_RECURSION = YES;
				CLANG_WARN_INT_CONVERSION = YES;
				CLANG_WARN_NON_LITERAL_NULL_CONVERSION = YES;
				CLANG_WARN_OBJC_IMPLICIT_RETAIN_SELF = YES;
				CLANG_WARN_OBJC_LITERAL_CONVERSION = YES;
				CLANG_WARN_OBJC_ROOT_CLASS = YES_ERROR;
				CLANG_WARN_QUOTED_INCLUDE_IN_FRAMEWORK_HEADER = YES;
				CLANG_WARN_RANGE_LOOP_ANALYSIS = YES;
				CLANG_WARN_STRICT_PROTOTYPES = YES;
				CLANG_WARN_SUSPICIOUS_MOVE = YES;
				CLANG_WARN_UNGUARDED_AVAILABILITY = YES_AGGRESSIVE;
				CLANG_WARN_UNREACHABLE_CODE = YES;
				CLANG_WARN__DUPLICATE_METHOD_MATCH = YES;
				COPY_PHASE_STRIP = NO;
				DEBUG_INFORMATION_FORMAT = dwarf;
				ENABLE_STRICT_OBJC_MSGSEND = YES;
				ENABLE_TESTABILITY = YES;
				GCC_C_LANGUAGE_STANDARD = gnu11;
				GCC_DYNAMIC_NO_PIC = NO;
				GCC_NO_COMMON_BLOCKS = YES;
				GCC_OPTIMIZATION_LEVEL = 0;
				GCC_PREPROCESSOR_DEFINITIONS = (
					"DEBUG=1",
					"$(inherited)",
				);
				GCC_WARN_64_TO_32_BIT_CONVERSION = YES;
				GCC_WARN_ABOUT_RETURN_TYPE = YES_ERROR;
				GCC_WARN_UNDECLARED_SELECTOR = YES;
				GCC_WARN_UNINITIALIZED_AUTOS = YES_AGGRESSIVE;
				GCC_WARN_UNUSED_FUNCTION = YES;
				GCC_WARN_UNUSED_VARIABLE = YES;
				IPHONEOS_DEPLOYMENT_TARGET = 14.5;
				MTL_ENABLE_DEBUG_INFO = INCLUDE_SOURCE;
				MTL_FAST_MATH = YES;
				ONLY_ACTIVE_ARCH = YES;
				SDKROOT = iphoneos;
				SWIFT_ACTIVE_COMPILATION_CONDITIONS = DEBUG;
				SWIFT_OPTIMIZATION_LEVEL = "-Onone";
			};
			name = Debug;
		};
		4AB49C9727A809AC00909772 /* Release */ = {
			isa = XCBuildConfiguration;
			buildSettings = {
				ALWAYS_SEARCH_USER_PATHS = NO;
				CLANG_ANALYZER_LOCALIZABILITY_NONLOCALIZED = YES;
				CLANG_ANALYZER_NONNULL = YES;
				CLANG_ANALYZER_NUMBER_OBJECT_CONVERSION = YES_AGGRESSIVE;
				CLANG_CXX_LANGUAGE_STANDARD = "gnu++14";
				CLANG_CXX_LIBRARY = "libc++";
				CLANG_ENABLE_MODULES = YES;
				CLANG_ENABLE_OBJC_ARC = YES;
				CLANG_ENABLE_OBJC_WEAK = YES;
				CLANG_WARN_BLOCK_CAPTURE_AUTORELEASING = YES;
				CLANG_WARN_BOOL_CONVERSION = YES;
				CLANG_WARN_COMMA = YES;
				CLANG_WARN_CONSTANT_CONVERSION = YES;
				CLANG_WARN_DEPRECATED_OBJC_IMPLEMENTATIONS = YES;
				CLANG_WARN_DIRECT_OBJC_ISA_USAGE = YES_ERROR;
				CLANG_WARN_DOCUMENTATION_COMMENTS = YES;
				CLANG_WARN_EMPTY_BODY = YES;
				CLANG_WARN_ENUM_CONVERSION = YES;
				CLANG_WARN_INFINITE_RECURSION = YES;
				CLANG_WARN_INT_CONVERSION = YES;
				CLANG_WARN_NON_LITERAL_NULL_CONVERSION = YES;
				CLANG_WARN_OBJC_IMPLICIT_RETAIN_SELF = YES;
				CLANG_WARN_OBJC_LITERAL_CONVERSION = YES;
				CLANG_WARN_OBJC_ROOT_CLASS = YES_ERROR;
				CLANG_WARN_QUOTED_INCLUDE_IN_FRAMEWORK_HEADER = YES;
				CLANG_WARN_RANGE_LOOP_ANALYSIS = YES;
				CLANG_WARN_STRICT_PROTOTYPES = YES;
				CLANG_WARN_SUSPICIOUS_MOVE = YES;
				CLANG_WARN_UNGUARDED_AVAILABILITY = YES_AGGRESSIVE;
				CLANG_WARN_UNREACHABLE_CODE = YES;
				CLANG_WARN__DUPLICATE_METHOD_MATCH = YES;
				COPY_PHASE_STRIP = NO;
				DEBUG_INFORMATION_FORMAT = "dwarf-with-dsym";
				ENABLE_NS_ASSERTIONS = NO;
				ENABLE_STRICT_OBJC_MSGSEND = YES;
				GCC_C_LANGUAGE_STANDARD = gnu11;
				GCC_NO_COMMON_BLOCKS = YES;
				GCC_WARN_64_TO_32_BIT_CONVERSION = YES;
				GCC_WARN_ABOUT_RETURN_TYPE = YES_ERROR;
				GCC_WARN_UNDECLARED_SELECTOR = YES;
				GCC_WARN_UNINITIALIZED_AUTOS = YES_AGGRESSIVE;
				GCC_WARN_UNUSED_FUNCTION = YES;
				GCC_WARN_UNUSED_VARIABLE = YES;
				IPHONEOS_DEPLOYMENT_TARGET = 14.5;
				MTL_ENABLE_DEBUG_INFO = NO;
				MTL_FAST_MATH = YES;
				SDKROOT = iphoneos;
				SWIFT_COMPILATION_MODE = wholemodule;
				SWIFT_OPTIMIZATION_LEVEL = "-O";
				VALIDATE_PRODUCT = YES;
			};
			name = Release;
		};
		4AB49C9927A809AC00909772 /* Debug */ = {
			isa = XCBuildConfiguration;
			buildSettings = {
				ASSETCATALOG_COMPILER_APPICON_NAME = AppIcon;
				ASSETCATALOG_COMPILER_GLOBAL_ACCENT_COLOR_NAME = AccentColor;
				CODE_SIGN_STYLE = Automatic;
				DEVELOPMENT_TEAM = 95G2CDLKC7;
				INFOPLIST_FILE = "Magic Ball/Info.plist";
				LD_RUNPATH_SEARCH_PATHS = (
					"$(inherited)",
					"@executable_path/Frameworks",
				);
				PRODUCT_BUNDLE_IDENTIFIER = "com.ua.artmouse.Magic-Ball";
				PRODUCT_NAME = "$(TARGET_NAME)";
				SWIFT_VERSION = 5.0;
				TARGETED_DEVICE_FAMILY = 1;
			};
			name = Debug;
		};
		4AB49C9A27A809AC00909772 /* Release */ = {
			isa = XCBuildConfiguration;
			buildSettings = {
				ASSETCATALOG_COMPILER_APPICON_NAME = AppIcon;
				ASSETCATALOG_COMPILER_GLOBAL_ACCENT_COLOR_NAME = AccentColor;
				CODE_SIGN_STYLE = Automatic;
				DEVELOPMENT_TEAM = 95G2CDLKC7;
				INFOPLIST_FILE = "Magic Ball/Info.plist";
				LD_RUNPATH_SEARCH_PATHS = (
					"$(inherited)",
					"@executable_path/Frameworks",
				);
				PRODUCT_BUNDLE_IDENTIFIER = "com.ua.artmouse.Magic-Ball";
				PRODUCT_NAME = "$(TARGET_NAME)";
				SWIFT_VERSION = 5.0;
				TARGETED_DEVICE_FAMILY = 1;
			};
			name = Release;
		};
/* End XCBuildConfiguration section */

/* Begin XCConfigurationList section */
		4AB49C7F27A809A900909772 /* Build configuration list for PBXProject "Magic Ball" */ = {
			isa = XCConfigurationList;
			buildConfigurations = (
				4AB49C9627A809AC00909772 /* Debug */,
				4AB49C9727A809AC00909772 /* Release */,
			);
			defaultConfigurationIsVisible = 0;
			defaultConfigurationName = Release;
		};
		4AB49C9827A809AC00909772 /* Build configuration list for PBXNativeTarget "Magic Ball" */ = {
			isa = XCConfigurationList;
			buildConfigurations = (
				4AB49C9927A809AC00909772 /* Debug */,
				4AB49C9A27A809AC00909772 /* Release */,
			);
			defaultConfigurationIsVisible = 0;
			defaultConfigurationName = Release;
		};
/* End XCConfigurationList section */
	};
	rootObject = 4AB49C7C27A809A900909772 /* Project object */;
}
